
Microsoft Visual Studio Solution File, Format Version 12.00
# Visual Studio Version 17
VisualStudioVersion = 17.9.34902.65
MinimumVisualStudioVersion = 10.0.40219.1
Project("{FAE04EC0-301F-11D3-BF4B-00C04F79EFBC}") = "Practica7", "Practica7.csproj", "{6FA8C517-6E4C-4B85-B8FC-417CCB383EB1}"
EndProject
Global
	GlobalSection(SolutionConfigurationPlatforms) = preSolution
		Debug|Any CPU = Debug|Any CPU
		Release|Any CPU = Release|Any CPU
	EndGlobalSection
	GlobalSection(ProjectConfigurationPlatforms) = postSolution
		{6FA8C517-6E4C-4B85-B8FC-417CCB383EB1}.Debug|Any CPU.ActiveCfg = Debug|Any CPU
		{6FA8C517-6E4C-4B85-B8FC-417CCB383EB1}.Debug|Any CPU.Build.0 = Debug|Any CPU
		{6FA8C517-6E4C-4B85-B8FC-417CCB383EB1}.Release|Any CPU.ActiveCfg = Release|Any CPU
		{6FA8C517-6E4C-4B85-B8FC-417CCB383EB1}.Release|Any CPU.Build.0 = Release|Any CPU
	EndGlobalSection
	GlobalSection(SolutionProperties) = preSolution
		HideSolutionNode = FALSE
	EndGlobalSection
	GlobalSection(ExtensibilityGlobals) = postSolution
		SolutionGuid = {FC8B74FF-DCEE-4846-96E4-1B2472F21885}
	EndGlobalSection
EndGlobal
